
Microsoft Visual Studio Solution File, Format Version 12.00
# Visual Studio Version 16
VisualStudioVersion = 16.0.31112.23
MinimumVisualStudioVersion = 10.0.40219.1
Project("{FAE04EC0-301F-11D3-BF4B-00C04F79EFBC}") = "GitHub Test Form", "GitHub Test Form\GitHub Test Form.csproj", "{08CC2926-AE10-4A68-B83C-C7A200AF5027}"
EndProject
Global
	GlobalSection(SolutionConfigurationPlatforms) = preSolution
		Debug|Any CPU = Debug|Any CPU
		Release|Any CPU = Release|Any CPU
	EndGlobalSection
	GlobalSection(ProjectConfigurationPlatforms) = postSolution
		{08CC2926-AE10-4A68-B83C-C7A200AF5027}.Debug|Any CPU.ActiveCfg = Debug|Any CPU
		{08CC2926-AE10-4A68-B83C-C7A200AF5027}.Debug|Any CPU.Build.0 = Debug|Any CPU
		{08CC2926-AE10-4A68-B83C-C7A200AF5027}.Release|Any CPU.ActiveCfg = Release|Any CPU
		{08CC2926-AE10-4A68-B83C-C7A200AF5027}.Release|Any CPU.Build.0 = Release|Any CPU
	EndGlobalSection
	GlobalSection(SolutionProperties) = preSolution
		HideSolutionNode = FALSE
	EndGlobalSection
	GlobalSection(ExtensibilityGlobals) = postSolution
		SolutionGuid = {56394CAA-1F69-407F-8391-EBC37007142F}
	EndGlobalSection
EndGlobal
